
Microsoft Visual Studio Solution File, Format Version 12.00
# Visual Studio Version 17
VisualStudioVersion = 17.0.31912.275
MinimumVisualStudioVersion = 10.0.40219.1
Project("{FAE04EC0-301F-11D3-BF4B-00C04F79EFBC}") = "HR.WEB", "HR.WEB\HR.WEB.csproj", "{0ACF20C1-10F4-4235-96CB-3B8833F5028A}"
EndProject
Project("{FAE04EC0-301F-11D3-BF4B-00C04F79EFBC}") = "HR.DATA", "HR.DATA\HR.DATA.csproj", "{0CA68FC3-46C1-47BF-8B4A-FE2C67CB65D8}"
EndProject
Project("{FAE04EC0-301F-11D3-BF4B-00C04F79EFBC}") = "HR.DAL", "HR.DAL\HR.DAL.csproj", "{8273541F-AE12-4DBB-8C8F-007103264750}"
EndProject
Global
	GlobalSection(SolutionConfigurationPlatforms) = preSolution
		Debug|Any CPU = Debug|Any CPU
		Release|Any CPU = Release|Any CPU
	EndGlobalSection
	GlobalSection(ProjectConfigurationPlatforms) = postSolution
		{0ACF20C1-10F4-4235-96CB-3B8833F5028A}.Debug|Any CPU.ActiveCfg = Debug|Any CPU
		{0ACF20C1-10F4-4235-96CB-3B8833F5028A}.Debug|Any CPU.Build.0 = Debug|Any CPU
		{0ACF20C1-10F4-4235-96CB-3B8833F5028A}.Release|Any CPU.ActiveCfg = Release|Any CPU
		{0ACF20C1-10F4-4235-96CB-3B8833F5028A}.Release|Any CPU.Build.0 = Release|Any CPU
		{0CA68FC3-46C1-47BF-8B4A-FE2C67CB65D8}.Debug|Any CPU.ActiveCfg = Debug|Any CPU
		{0CA68FC3-46C1-47BF-8B4A-FE2C67CB65D8}.Debug|Any CPU.Build.0 = Debug|Any CPU
		{0CA68FC3-46C1-47BF-8B4A-FE2C67CB65D8}.Release|Any CPU.ActiveCfg = Release|Any CPU
		{0CA68FC3-46C1-47BF-8B4A-FE2C67CB65D8}.Release|Any CPU.Build.0 = Release|Any CPU
		{8273541F-AE12-4DBB-8C8F-007103264750}.Debug|Any CPU.ActiveCfg = Debug|Any CPU
		{8273541F-AE12-4DBB-8C8F-007103264750}.Debug|Any CPU.Build.0 = Debug|Any CPU
		{8273541F-AE12-4DBB-8C8F-007103264750}.Release|Any CPU.ActiveCfg = Release|Any CPU
		{8273541F-AE12-4DBB-8C8F-007103264750}.Release|Any CPU.Build.0 = Release|Any CPU
	EndGlobalSection
	GlobalSection(SolutionProperties) = preSolution
		HideSolutionNode = FALSE
	EndGlobalSection
	GlobalSection(ExtensibilityGlobals) = postSolution
		SolutionGuid = {28039DA4-EA9F-4FB3-9592-BB2CDD1F295D}
	EndGlobalSection
EndGlobal
